// !$*UTF8*$!
{
	archiveVersion = 1;
	classes = {
	};
	objectVersion = 48;
	objects = {

/* Begin PBXBuildFile section */
		FBD2D13C208E2B4B00EE363B /* AppDelegate.m in Sources */ = {isa = PBXBuildFile; fileRef = FBD2D13B208E2B4B00EE363B /* AppDelegate.m */; };
		FBD2D13F208E2B4B00EE363B /* HomeView.m in Sources */ = {isa = PBXBuildFile; fileRef = FBD2D13E208E2B4B00EE363B /* HomeView.m */; };
		FBD2D144208E2B4B00EE363B /* Assets.xcassets in Resources */ = {isa = PBXBuildFile; fileRef = FBD2D143208E2B4B00EE363B /* Assets.xcassets */; };
		FBD2D14A208E2B4B00EE363B /* main.m in Sources */ = {isa = PBXBuildFile; fileRef = FBD2D149208E2B4B00EE363B /* main.m */; };
		FBD2D154208E2B4B00EE363B /* KillTheRoachesTests.m in Sources */ = {isa = PBXBuildFile; fileRef = FBD2D153208E2B4B00EE363B /* KillTheRoachesTests.m */; };
		FBD2D15F208E2B4B00EE363B /* KillTheRoachesUITests.m in Sources */ = {isa = PBXBuildFile; fileRef = FBD2D15E208E2B4B00EE363B /* KillTheRoachesUITests.m */; };
		FBD2D16D208E2F6500EE363B /* nastyroach.png in Resources */ = {isa = PBXBuildFile; fileRef = FBD2D16C208E2F6500EE363B /* nastyroach.png */; };
		FBD2D16F208E2FAC00EE363B /* boom.png in Resources */ = {isa = PBXBuildFile; fileRef = FBD2D16E208E2FAC00EE363B /* boom.png */; };
/* End PBXBuildFile section */

/* Begin PBXContainerItemProxy section */
		FBD2D150208E2B4B00EE363B /* PBXContainerItemProxy */ = {
			isa = PBXContainerItemProxy;
			containerPortal = FBD2D12F208E2B4B00EE363B /* Project object */;
			proxyType = 1;
			remoteGlobalIDString = FBD2D136208E2B4B00EE363B;
			remoteInfo = KillTheRoaches;
		};
		FBD2D15B208E2B4B00EE363B /* PBXContainerItemProxy */ = {
			isa = PBXContainerItemProxy;
			containerPortal = FBD2D12F208E2B4B00EE363B /* Project object */;
			proxyType = 1;
			remoteGlobalIDString = FBD2D136208E2B4B00EE363B;
			remoteInfo = KillTheRoaches;
		};
/* End PBXContainerItemProxy section */

/* Begin PBXFileReference section */
		FBD2D137208E2B4B00EE363B /* KillTheRoaches.app */ = {isa = PBXFileReference; explicitFileType = wrapper.application; includeInIndex = 0; path = KillTheRoaches.app; sourceTree = BUILT_PRODUCTS_DIR; };
		FBD2D13A208E2B4B00EE363B /* AppDelegate.h */ = {isa = PBXFileReference; lastKnownFileType = sourcecode.c.h; path = AppDelegate.h; sourceTree = "<group>"; };
		FBD2D13B208E2B4B00EE363B /* AppDelegate.m */ = {isa = PBXFileReference; lastKnownFileType = sourcecode.c.objc; path = AppDelegate.m; sourceTree = "<group>"; };
		FBD2D13D208E2B4B00EE363B /* HomeView.h */ = {isa = PBXFileReference; lastKnownFileType = sourcecode.c.h; path = HomeView.h; sourceTree = "<group>"; };
		FBD2D13E208E2B4B00EE363B /* HomeView.m */ = {isa = PBXFileReference; lastKnownFileType = sourcecode.c.objc; path = HomeView.m; sourceTree = "<group>"; };
		FBD2D143208E2B4B00EE363B /* Assets.xcassets */ = {isa = PBXFileReference; lastKnownFileType = folder.assetcatalog; path = Assets.xcassets; sourceTree = "<group>"; };
		FBD2D148208E2B4B00EE363B /* Info.plist */ = {isa = PBXFileReference; lastKnownFileType = text.plist.xml; path = Info.plist; sourceTree = "<group>"; };
		FBD2D149208E2B4B00EE363B /* main.m */ = {isa = PBXFileReference; lastKnownFileType = sourcecode.c.objc; path = main.m; sourceTree = "<group>"; };
		FBD2D14F208E2B4B00EE363B /* KillTheRoachesTests.xctest */ = {isa = PBXFileReference; explicitFileType = wrapper.cfbundle; includeInIndex = 0; path = KillTheRoachesTests.xctest; sourceTree = BUILT_PRODUCTS_DIR; };
		FBD2D153208E2B4B00EE363B /* KillTheRoachesTests.m */ = {isa = PBXFileReference; lastKnownFileType = sourcecode.c.objc; path = KillTheRoachesTests.m; sourceTree = "<group>"; };
		FBD2D155208E2B4B00EE363B /* Info.plist */ = {isa = PBXFileReference; lastKnownFileType = text.plist.xml; path = Info.plist; sourceTree = "<group>"; };
		FBD2D15A208E2B4B00EE363B /* KillTheRoachesUITests.xctest */ = {isa = PBXFileReference; explicitFileType = wrapper.cfbundle; includeInIndex = 0; path = KillTheRoachesUITests.xctest; sourceTree = BUILT_PRODUCTS_DIR; };
		FBD2D15E208E2B4B00EE363B /* KillTheRoachesUITests.m */ = {isa = PBXFileReference; lastKnownFileType = sourcecode.c.objc; path = KillTheRoachesUITests.m; sourceTree = "<group>"; };
		FBD2D160208E2B4B00EE363B /* Info.plist */ = {isa = PBXFileReference; lastKnownFileType = text.plist.xml; path = Info.plist; sourceTree = "<group>"; };
		FBD2D16C208E2F6500EE363B /* nastyroach.png */ = {isa = PBXFileReference; lastKnownFileType = image.png; path = nastyroach.png; sourceTree = "<group>"; };
		FBD2D16E208E2FAC00EE363B /* boom.png */ = {isa = PBXFileReference; lastKnownFileType = image.png; name = boom.png; path = KillTheRoaches/boom.png; sourceTree = "<group>"; };
/* End PBXFileReference section */

/* Begin PBXFrameworksBuildPhase section */
		FBD2D134208E2B4B00EE363B /* Frameworks */ = {
			isa = PBXFrameworksBuildPhase;
			buildActionMask = 2147483647;
			files = (
			);
			runOnlyForDeploymentPostprocessing = 0;
		};
		FBD2D14C208E2B4B00EE363B /* Frameworks */ = {
			isa = PBXFrameworksBuildPhase;
			buildActionMask = 2147483647;
			files = (
			);
			runOnlyForDeploymentPostprocessing = 0;
		};
		FBD2D157208E2B4B00EE363B /* Frameworks */ = {
			isa = PBXFrameworksBuildPhase;
			buildActionMask = 2147483647;
			files = (
			);
			runOnlyForDeploymentPostprocessing = 0;
		};
/* End PBXFrameworksBuildPhase section */

/* Begin PBXGroup section */
		FBD2D12E208E2B4B00EE363B = {
			isa = PBXGroup;
			children = (
				FBD2D16E208E2FAC00EE363B /* boom.png */,
				FBD2D139208E2B4B00EE363B /* KillTheRoaches */,
				FBD2D152208E2B4B00EE363B /* KillTheRoachesTests */,
				FBD2D15D208E2B4B00EE363B /* KillTheRoachesUITests */,
				FBD2D138208E2B4B00EE363B /* Products */,
			);
			sourceTree = "<group>";
		};
		FBD2D138208E2B4B00EE363B /* Products */ = {
			isa = PBXGroup;
			children = (
				FBD2D137208E2B4B00EE363B /* KillTheRoaches.app */,
				FBD2D14F208E2B4B00EE363B /* KillTheRoachesTests.xctest */,
				FBD2D15A208E2B4B00EE363B /* KillTheRoachesUITests.xctest */,
			);
			name = Products;
			sourceTree = "<group>";
		};
		FBD2D139208E2B4B00EE363B /* KillTheRoaches */ = {
			isa = PBXGroup;
			children = (
				FBD2D13A208E2B4B00EE363B /* AppDelegate.h */,
				FBD2D13B208E2B4B00EE363B /* AppDelegate.m */,
				FBD2D16C208E2F6500EE363B /* nastyroach.png */,
				FBD2D13D208E2B4B00EE363B /* HomeView.h */,
				FBD2D13E208E2B4B00EE363B /* HomeView.m */,
				FBD2D143208E2B4B00EE363B /* Assets.xcassets */,
				FBD2D148208E2B4B00EE363B /* Info.plist */,
				FBD2D149208E2B4B00EE363B /* main.m */,
			);
			path = KillTheRoaches;
			sourceTree = "<group>";
		};
		FBD2D152208E2B4B00EE363B /* KillTheRoachesTests */ = {
			isa = PBXGroup;
			children = (
				FBD2D153208E2B4B00EE363B /* KillTheRoachesTests.m */,
				FBD2D155208E2B4B00EE363B /* Info.plist */,
			);
			path = KillTheRoachesTests;
			sourceTree = "<group>";
		};
		FBD2D15D208E2B4B00EE363B /* KillTheRoachesUITests */ = {
			isa = PBXGroup;
			children = (
				FBD2D15E208E2B4B00EE363B /* KillTheRoachesUITests.m */,
				FBD2D160208E2B4B00EE363B /* Info.plist */,
			);
			path = KillTheRoachesUITests;
			sourceTree = "<group>";
		};
/* End PBXGroup section */

/* Begin PBXNativeTarget section */
		FBD2D136208E2B4B00EE363B /* KillTheRoaches */ = {
			isa = PBXNativeTarget;
			buildConfigurationList = FBD2D163208E2B4B00EE363B /* Build configuration list for PBXNativeTarget "KillTheRoaches" */;
			buildPhases = (
				FBD2D133208E2B4B00EE363B /* Sources */,
				FBD2D134208E2B4B00EE363B /* Frameworks */,
				FBD2D135208E2B4B00EE363B /* Resources */,
			);
			buildRules = (
			);
			dependencies = (
			);
			name = KillTheRoaches;
			productName = KillTheRoaches;
			productReference = FBD2D137208E2B4B00EE363B /* KillTheRoaches.app */;
			productType = "com.apple.product-type.application";
		};
		FBD2D14E208E2B4B00EE363B /* KillTheRoachesTests */ = {
			isa = PBXNativeTarget;
			buildConfigurationList = FBD2D166208E2B4B00EE363B /* Build configuration list for PBXNativeTarget "KillTheRoachesTests" */;
			buildPhases = (
				FBD2D14B208E2B4B00EE363B /* Sources */,
				FBD2D14C208E2B4B00EE363B /* Frameworks */,
				FBD2D14D208E2B4B00EE363B /* Resources */,
			);
			buildRules = (
			);
			dependencies = (
				FBD2D151208E2B4B00EE363B /* PBXTargetDependency */,
			);
			name = KillTheRoachesTests;
			productName = KillTheRoachesTests;
			productReference = FBD2D14F208E2B4B00EE363B /* KillTheRoachesTests.xctest */;
			productType = "com.apple.product-type.bundle.unit-test";
		};
		FBD2D159208E2B4B00EE363B /* KillTheRoachesUITests */ = {
			isa = PBXNativeTarget;
			buildConfigurationList = FBD2D169208E2B4B00EE363B /* Build configuration list for PBXNativeTarget "KillTheRoachesUITests" */;
			buildPhases = (
				FBD2D156208E2B4B00EE363B /* Sources */,
				FBD2D157208E2B4B00EE363B /* Frameworks */,
				FBD2D158208E2B4B00EE363B /* Resources */,
			);
			buildRules = (
			);
			dependencies = (
				FBD2D15C208E2B4B00EE363B /* PBXTargetDependency */,
			);
			name = KillTheRoachesUITests;
			productName = KillTheRoachesUITests;
			productReference = FBD2D15A208E2B4B00EE363B /* KillTheRoachesUITests.xctest */;
			productType = "com.apple.product-type.bundle.ui-testing";
		};
/* End PBXNativeTarget section */

/* Begin PBXProject section */
		FBD2D12F208E2B4B00EE363B /* Project object */ = {
			isa = PBXProject;
			attributes = {
				LastUpgradeCheck = 0920;
				ORGANIZATIONNAME = "Dat Phan";
				TargetAttributes = {
					FBD2D136208E2B4B00EE363B = {
						CreatedOnToolsVersion = 9.2;
						ProvisioningStyle = Automatic;
					};
					FBD2D14E208E2B4B00EE363B = {
						CreatedOnToolsVersion = 9.2;
						ProvisioningStyle = Automatic;
						TestTargetID = FBD2D136208E2B4B00EE363B;
					};
					FBD2D159208E2B4B00EE363B = {
						CreatedOnToolsVersion = 9.2;
						ProvisioningStyle = Automatic;
						TestTargetID = FBD2D136208E2B4B00EE363B;
					};
				};
			};
			buildConfigurationList = FBD2D132208E2B4B00EE363B /* Build configuration list for PBXProject "KillTheRoaches" */;
			compatibilityVersion = "Xcode 8.0";
			developmentRegion = en;
			hasScannedForEncodings = 0;
			knownRegions = (
				en,
				Base,
			);
			mainGroup = FBD2D12E208E2B4B00EE363B;
			productRefGroup = FBD2D138208E2B4B00EE363B /* Products */;
			projectDirPath = "";
			projectRoot = "";
			targets = (
				FBD2D136208E2B4B00EE363B /* KillTheRoaches */,
				FBD2D14E208E2B4B00EE363B /* KillTheRoachesTests */,
				FBD2D159208E2B4B00EE363B /* KillTheRoachesUITests */,
			);
		};
/* End PBXProject section */

/* Begin PBXResourcesBuildPhase section */
		FBD2D135208E2B4B00EE363B /* Resources */ = {
			isa = PBXResourcesBuildPhase;
			buildActionMask = 2147483647;
			files = (
				FBD2D144208E2B4B00EE363B /* Assets.xcassets in Resources */,
				FBD2D16D208E2F6500EE363B /* nastyroach.png in Resources */,
				FBD2D16F208E2FAC00EE363B /* boom.png in Resources */,
			);
			runOnlyForDeploymentPostprocessing = 0;
		};
		FBD2D14D208E2B4B00EE363B /* Resources */ = {
			isa = PBXResourcesBuildPhase;
			buildActionMask = 2147483647;
			files = (
			);
			runOnlyForDeploymentPostprocessing = 0;
		};
		FBD2D158208E2B4B00EE363B /* Resources */ = {
			isa = PBXResourcesBuildPhase;
			buildActionMask = 2147483647;
			files = (
			);
			runOnlyForDeploymentPostprocessing = 0;
		};
/* End PBXResourcesBuildPhase section */

/* Begin PBXSourcesBuildPhase section */
		FBD2D133208E2B4B00EE363B /* Sources */ = {
			isa = PBXSourcesBuildPhase;
			buildActionMask = 2147483647;
			files = (
				FBD2D13F208E2B4B00EE363B /* HomeView.m in Sources */,
				FBD2D14A208E2B4B00EE363B /* main.m in Sources */,
				FBD2D13C208E2B4B00EE363B /* AppDelegate.m in Sources */,
			);
			runOnlyForDeploymentPostprocessing = 0;
		};
		FBD2D14B208E2B4B00EE363B /* Sources */ = {
			isa = PBXSourcesBuildPhase;
			buildActionMask = 2147483647;
			files = (
				FBD2D154208E2B4B00EE363B /* KillTheRoachesTests.m in Sources */,
			);
			runOnlyForDeploymentPostprocessing = 0;
		};
		FBD2D156208E2B4B00EE363B /* Sources */ = {
			isa = PBXSourcesBuildPhase;
			buildActionMask = 2147483647;
			files = (
				FBD2D15F208E2B4B00EE363B /* KillTheRoachesUITests.m in Sources */,
			);
			runOnlyForDeploymentPostprocessing = 0;
		};
/* End PBXSourcesBuildPhase section */

/* Begin PBXTargetDependency section */
		FBD2D151208E2B4B00EE363B /* PBXTargetDependency */ = {
			isa = PBXTargetDependency;
			target = FBD2D136208E2B4B00EE363B /* KillTheRoaches */;
			targetProxy = FBD2D150208E2B4B00EE363B /* PBXContainerItemProxy */;
		};
		FBD2D15C208E2B4B00EE363B /* PBXTargetDependency */ = {
			isa = PBXTargetDependency;
			target = FBD2D136208E2B4B00EE363B /* KillTheRoaches */;
			targetProxy = FBD2D15B208E2B4B00EE363B /* PBXContainerItemProxy */;
		};
/* End PBXTargetDependency section */

/* Begin XCBuildConfiguration section */
		FBD2D161208E2B4B00EE363B /* Debug */ = {
			isa = XCBuildConfiguration;
			buildSettings = {
				ALWAYS_SEARCH_USER_PATHS = NO;
				CLANG_ANALYZER_NONNULL = YES;
				CLANG_ANALYZER_NUMBER_OBJECT_CONVERSION = YES_AGGRESSIVE;
				CLANG_CXX_LANGUAGE_STANDARD = "gnu++14";
				CLANG_CXX_LIBRARY = "libc++";
				CLANG_ENABLE_MODULES = YES;
				CLANG_ENABLE_OBJC_ARC = YES;
				CLANG_WARN_BLOCK_CAPTURE_AUTORELEASING = YES;
				CLANG_WARN_BOOL_CONVERSION = YES;
				CLANG_WARN_COMMA = YES;
				CLANG_WARN_CONSTANT_CONVERSION = YES;
				CLANG_WARN_DIRECT_OBJC_ISA_USAGE = YES_ERROR;
				CLANG_WARN_DOCUMENTATION_COMMENTS = YES;
				CLANG_WARN_EMPTY_BODY = YES;
				CLANG_WARN_ENUM_CONVERSION = YES;
				CLANG_WARN_INFINITE_RECURSION = YES;
				CLANG_WARN_INT_CONVERSION = YES;
				CLANG_WARN_NON_LITERAL_NULL_CONVERSION = YES;
				CLANG_WARN_OBJC_LITERAL_CONVERSION = YES;
				CLANG_WARN_OBJC_ROOT_CLASS = YES_ERROR;
				CLANG_WARN_RANGE_LOOP_ANALYSIS = YES;
				CLANG_WARN_STRICT_PROTOTYPES = YES;
				CLANG_WARN_SUSPICIOUS_MOVE = YES;
				CLANG_WARN_UNGUARDED_AVAILABILITY = YES_AGGRESSIVE;
				CLANG_WARN_UNREACHABLE_CODE = YES;
				CLANG_WARN__DUPLICATE_METHOD_MATCH = YES;
				CODE_SIGN_IDENTITY = "iPhone Developer";
				COPY_PHASE_STRIP = NO;
				DEBUG_INFORMATION_FORMAT = dwarf;
				ENABLE_STRICT_OBJC_MSGSEND = YES;
				ENABLE_TESTABILITY = YES;
				GCC_C_LANGUAGE_STANDARD = gnu11;
				GCC_DYNAMIC_NO_PIC = NO;
				GCC_NO_COMMON_BLOCKS = YES;
				GCC_OPTIMIZATION_LEVEL = 0;
				GCC_PREPROCESSOR_DEFINITIONS = (
					"DEBUG=1",
					"$(inherited)",
				);
				GCC_WARN_64_TO_32_BIT_CONVERSION = YES;
				GCC_WARN_ABOUT_RETURN_TYPE = YES_ERROR;
				GCC_WARN_UNDECLARED_SELECTOR = YES;
				GCC_WARN_UNINITIALIZED_AUTOS = YES_AGGRESSIVE;
				GCC_WARN_UNUSED_FUNCTION = YES;
				GCC_WARN_UNUSED_VARIABLE = YES;
				IPHONEOS_DEPLOYMENT_TARGET = 11.2;
				MTL_ENABLE_DEBUG_INFO = YES;
				ONLY_ACTIVE_ARCH = YES;
				SDKROOT = iphoneos;
			};
			name = Debug;
		};
		FBD2D162208E2B4B00EE363B /* Release */ = {
			isa = XCBuildConfiguration;
			buildSettings = {
				ALWAYS_SEARCH_USER_PATHS = NO;
				CLANG_ANALYZER_NONNULL = YES;
				CLANG_ANALYZER_NUMBER_OBJECT_CONVERSION = YES_AGGRESSIVE;
				CLANG_CXX_LANGUAGE_STANDARD = "gnu++14";
				CLANG_CXX_LIBRARY = "libc++";
				CLANG_ENABLE_MODULES = YES;
				CLANG_ENABLE_OBJC_ARC = YES;
				CLANG_WARN_BLOCK_CAPTURE_AUTORELEASING = YES;
				CLANG_WARN_BOOL_CONVERSION = YES;
				CLANG_WARN_COMMA = YES;
				CLANG_WARN_CONSTANT_CONVERSION = YES;
				CLANG_WARN_DIRECT_OBJC_ISA_USAGE = YES_ERROR;
				CLANG_WARN_DOCUMENTATION_COMMENTS = YES;
				CLANG_WARN_EMPTY_BODY = YES;
				CLANG_WARN_ENUM_CONVERSION = YES;
				CLANG_WARN_INFINITE_RECURSION = YES;
				CLANG_WARN_INT_CONVERSION = YES;
				CLANG_WARN_NON_LITERAL_NULL_CONVERSION = YES;
				CLANG_WARN_OBJC_LITERAL_CONVERSION = YES;
				CLANG_WARN_OBJC_ROOT_CLASS = YES_ERROR;
				CLANG_WARN_RANGE_LOOP_ANALYSIS = YES;
				CLANG_WARN_STRICT_PROTOTYPES = YES;
				CLANG_WARN_SUSPICIOUS_MOVE = YES;
				CLANG_WARN_UNGUARDED_AVAILABILITY = YES_AGGRESSIVE;
				CLANG_WARN_UNREACHABLE_CODE = YES;
				CLANG_WARN__DUPLICATE_METHOD_MATCH = YES;
				CODE_SIGN_IDENTITY = "iPhone Developer";
				COPY_PHASE_STRIP = NO;
				DEBUG_INFORMATION_FORMAT = "dwarf-with-dsym";
				ENABLE_NS_ASSERTIONS = NO;
				ENABLE_STRICT_OBJC_MSGSEND = YES;
				GCC_C_LANGUAGE_STANDARD = gnu11;
				GCC_NO_COMMON_BLOCKS = YES;
				GCC_WARN_64_TO_32_BIT_CONVERSION = YES;
				GCC_WARN_ABOUT_RETURN_TYPE = YES_ERROR;
				GCC_WARN_UNDECLARED_SELECTOR = YES;
				GCC_WARN_UNINITIALIZED_AUTOS = YES_AGGRESSIVE;
				GCC_WARN_UNUSED_FUNCTION = YES;
				GCC_WARN_UNUSED_VARIABLE = YES;
				IPHONEOS_DEPLOYMENT_TARGET = 11.2;
				MTL_ENABLE_DEBUG_INFO = NO;
				SDKROOT = iphoneos;
				VALIDATE_PRODUCT = YES;
			};
			name = Release;
		};
		FBD2D164208E2B4B00EE363B /* Debug */ = {
			isa = XCBuildConfiguration;
			buildSettings = {
				ASSETCATALOG_COMPILER_APPICON_NAME = AppIcon;
				CODE_SIGN_STYLE = Automatic;
				INFOPLIST_FILE = KillTheRoaches/Info.plist;
				LD_RUNPATH_SEARCH_PATHS = "$(inherited) @executable_path/Frameworks";
				PRODUCT_BUNDLE_IDENTIFIER = DP.KillTheRoaches;
				PRODUCT_NAME = "$(TARGET_NAME)";
				TARGETED_DEVICE_FAMILY = "1,2";
			};
			name = Debug;
		};
		FBD2D165208E2B4B00EE363B /* Release */ = {
			isa = XCBuildConfiguration;
			buildSettings = {
				ASSETCATALOG_COMPILER_APPICON_NAME = AppIcon;
				CODE_SIGN_STYLE = Automatic;
				INFOPLIST_FILE = KillTheRoaches/Info.plist;
				LD_RUNPATH_SEARCH_PATHS = "$(inherited) @executable_path/Frameworks";
				PRODUCT_BUNDLE_IDENTIFIER = DP.KillTheRoaches;
				PRODUCT_NAME = "$(TARGET_NAME)";
				TARGETED_DEVICE_FAMILY = "1,2";
			};
			name = Release;
		};
		FBD2D167208E2B4B00EE363B /* Debug */ = {
			isa = XCBuildConfiguration;
			buildSettings = {
				BUNDLE_LOADER = "$(TEST_HOST)";
				CODE_SIGN_STYLE = Automatic;
				INFOPLIST_FILE = KillTheRoachesTests/Info.plist;
				LD_RUNPATH_SEARCH_PATHS = "$(inherited) @executable_path/Frameworks @loader_path/Frameworks";
				PRODUCT_BUNDLE_IDENTIFIER = DP.KillTheRoachesTests;
				PRODUCT_NAME = "$(TARGET_NAME)";
				TARGETED_DEVICE_FAMILY = "1,2";
				TEST_HOST = "$(BUILT_PRODUCTS_DIR)/KillTheRoaches.app/KillTheRoaches";
			};
			name = Debug;
		};
		FBD2D168208E2B4B00EE363B /* Release */ = {
			isa = XCBuildConfiguration;
			buildSettings = {
				BUNDLE_LOADER = "$(TEST_HOST)";
				CODE_SIGN_STYLE = Automatic;
				INFOPLIST_FILE = KillTheRoachesTests/Info.plist;
				LD_RUNPATH_SEARCH_PATHS = "$(inherited) @executable_path/Frameworks @loader_path/Frameworks";
				PRODUCT_BUNDLE_IDENTIFIER = DP.KillTheRoachesTests;
				PRODUCT_NAME = "$(TARGET_NAME)";
				TARGETED_DEVICE_FAMILY = "1,2";
				TEST_HOST = "$(BUILT_PRODUCTS_DIR)/KillTheRoaches.app/KillTheRoaches";
			};
			name = Release;
		};
		FBD2D16A208E2B4B00EE363B /* Debug */ = {
			isa = XCBuildConfiguration;
			buildSettings = {
				CODE_SIGN_STYLE = Automatic;
				INFOPLIST_FILE = KillTheRoachesUITests/Info.plist;
				LD_RUNPATH_SEARCH_PATHS = "$(inherited) @executable_path/Frameworks @loader_path/Frameworks";
				PRODUCT_BUNDLE_IDENTIFIER = DP.KillTheRoachesUITests;
				PRODUCT_NAME = "$(TARGET_NAME)";
				TARGETED_DEVICE_FAMILY = "1,2";
				TEST_TARGET_NAME = KillTheRoaches;
			};
			name = Debug;
		};
		FBD2D16B208E2B4B00EE363B /* Release */ = {
			isa = XCBuildConfiguration;
			buildSettings = {
				CODE_SIGN_STYLE = Automatic;
				INFOPLIST_FILE = KillTheRoachesUITests/Info.plist;
				LD_RUNPATH_SEARCH_PATHS = "$(inherited) @executable_path/Frameworks @loader_path/Frameworks";
				PRODUCT_BUNDLE_IDENTIFIER = DP.KillTheRoachesUITests;
				PRODUCT_NAME = "$(TARGET_NAME)";
				TARGETED_DEVICE_FAMILY = "1,2";
				TEST_TARGET_NAME = KillTheRoaches;
			};
			name = Release;
		};
/* End XCBuildConfiguration section */

/* Begin XCConfigurationList section */
		FBD2D132208E2B4B00EE363B /* Build configuration list for PBXProject "KillTheRoaches" */ = {
			isa = XCConfigurationList;
			buildConfigurations = (
				FBD2D161208E2B4B00EE363B /* Debug */,
				FBD2D162208E2B4B00EE363B /* Release */,
			);
			defaultConfigurationIsVisible = 0;
			defaultConfigurationName = Release;
		};
		FBD2D163208E2B4B00EE363B /* Build configuration list for PBXNativeTarget "KillTheRoaches" */ = {
			isa = XCConfigurationList;
			buildConfigurations = (
				FBD2D164208E2B4B00EE363B /* Debug */,
				FBD2D165208E2B4B00EE363B /* Release */,
			);
			defaultConfigurationIsVisible = 0;
			defaultConfigurationName = Release;
		};
		FBD2D166208E2B4B00EE363B /* Build configuration list for PBXNativeTarget "KillTheRoachesTests" */ = {
			isa = XCConfigurationList;
			buildConfigurations = (
				FBD2D167208E2B4B00EE363B /* Debug */,
				FBD2D168208E2B4B00EE363B /* Release */,
			);
			defaultConfigurationIsVisible = 0;
			defaultConfigurationName = Release;
		};
		FBD2D169208E2B4B00EE363B /* Build configuration list for PBXNativeTarget "KillTheRoachesUITests" */ = {
			isa = XCConfigurationList;
			buildConfigurations = (
				FBD2D16A208E2B4B00EE363B /* Debug */,
				FBD2D16B208E2B4B00EE363B /* Release */,
			);
			defaultConfigurationIsVisible = 0;
			defaultConfigurationName = Release;
		};
/* End XCConfigurationList section */
	};
	rootObject = FBD2D12F208E2B4B00EE363B /* Project object */;
}
